
Microsoft Visual Studio Solution File, Format Version 12.00
# Visual Studio Version 17
VisualStudioVersion = 17.7.34031.279
MinimumVisualStudioVersion = 10.0.40219.1
Project("{8BC9CEB8-8B4A-11D0-8D11-00A0C91BC942}") = "WinAPI", "WinAPI\WinAPI.vcxproj", "{82654339-7C52-490A-BBA5-E9720CDCEEF6}"
EndProject
Global
	GlobalSection(SolutionConfigurationPlatforms) = preSolution
		Debug|x64 = Debug|x64
		Debug|x86 = Debug|x86
		Release|x64 = Release|x64
		Release|x86 = Release|x86
	EndGlobalSection
	GlobalSection(ProjectConfigurationPlatforms) = postSolution
		{82654339-7C52-490A-BBA5-E9720CDCEEF6}.Debug|x64.ActiveCfg = Debug|x64
		{82654339-7C52-490A-BBA5-E9720CDCEEF6}.Debug|x64.Build.0 = Debug|x64
		{82654339-7C52-490A-BBA5-E9720CDCEEF6}.Debug|x86.ActiveCfg = Debug|Win32
		{82654339-7C52-490A-BBA5-E9720CDCEEF6}.Debug|x86.Build.0 = Debug|Win32
		{82654339-7C52-490A-BBA5-E9720CDCEEF6}.Release|x64.ActiveCfg = Release|x64
		{82654339-7C52-490A-BBA5-E9720CDCEEF6}.Release|x64.Build.0 = Release|x64
		{82654339-7C52-490A-BBA5-E9720CDCEEF6}.Release|x86.ActiveCfg = Release|Win32
		{82654339-7C52-490A-BBA5-E9720CDCEEF6}.Release|x86.Build.0 = Release|Win32
	EndGlobalSection
	GlobalSection(SolutionProperties) = preSolution
		HideSolutionNode = FALSE
	EndGlobalSection
	GlobalSection(ExtensibilityGlobals) = postSolution
		SolutionGuid = {02F6A5B1-2CAD-4945-80B1-520FB9AACCD0}
	EndGlobalSection
EndGlobal
